// !$*UTF8*$!
{
	archiveVersion = 1;
	classes = {
	};
	objectVersion = 50;
	objects = {

/* Begin PBXBuildFile section */
		BA4AD10626B285120060B459 /* UIKit.framework in Frameworks */ = {isa = PBXBuildFile; fileRef = BA4AD10526B285120060B459 /* UIKit.framework */; };
		BA4AD10826B285160060B459 /* Foundation.framework in Frameworks */ = {isa = PBXBuildFile; fileRef = BA4AD10726B285160060B459 /* Foundation.framework */; };
		BA4AD10A26B2851D0060B459 /* AudioToolbox.framework in Frameworks */ = {isa = PBXBuildFile; fileRef = BA4AD10926B2851D0060B459 /* AudioToolbox.framework */; };
		BA4AD10C26B285200060B459 /* AVFAudio.framework in Frameworks */ = {isa = PBXBuildFile; fileRef = BA4AD10B26B285200060B459 /* AVFAudio.framework */; };
		BA4AD11026B285350060B459 /* QuartzCore.framework in Frameworks */ = {isa = PBXBuildFile; fileRef = BA4AD10F26B285350060B459 /* QuartzCore.framework */; };
		BA4AD11226B285460060B459 /* GameController.framework in Frameworks */ = {isa = PBXBuildFile; fileRef = BA4AD11126B285460060B459 /* GameController.framework */; };
		BA4AD11426B2854E0060B459 /* CoreHaptics.framework in Frameworks */ = {isa = PBXBuildFile; fileRef = BA4AD11326B2854E0060B459 /* CoreHaptics.framework */; };
		BA4AD11626B285550060B459 /* CoreMotion.framework in Frameworks */ = {isa = PBXBuildFile; fileRef = BA4AD11526B285550060B459 /* CoreMotion.framework */; };
		BA4AD11826B285650060B459 /* CoreGraphics.framework in Frameworks */ = {isa = PBXBuildFile; fileRef = BA4AD11726B285650060B459 /* CoreGraphics.framework */; };
		BA4F292826B28BE5003065CF /* Metal.framework in Frameworks */ = {isa = PBXBuildFile; fileRef = BA4F292726B28BE5003065CF /* Metal.framework */; };
		BA4F294C26B28FAC003065CF /* main.cpp in Sources */ = {isa = PBXBuildFile; fileRef = BA4F294926B28FAC003065CF /* main.cpp */; };
		BA5BDBF526C6041200514EDA /* libphysfs.a in Frameworks */ = {isa = PBXBuildFile; fileRef = BA5BDBF426C6041200514EDA /* libphysfs.a */; };
		BA5BDBFC26C60BBE00514EDA /* test.txt in CopyFiles */ = {isa = PBXBuildFile; fileRef = BA5BDBFB26C60BBE00514EDA /* test.txt */; };
		BA5BDC0D26C60CB700514EDA /* Assets.xcassets in Resources */ = {isa = PBXBuildFile; fileRef = BA7D239426B2B78200F9AF77 /* Assets.xcassets */; };
		BA95276326DD9CB1008B5C1A /* OpenGLES.framework in Frameworks */ = {isa = PBXBuildFile; fileRef = BA4AD10D26B285250060B459 /* OpenGLES.framework */; };
		BAC4DD6526DD8BE400B212BB /* libSDL2.a in Frameworks */ = {isa = PBXBuildFile; fileRef = BAC4DD4D26DD8BC800B212BB /* libSDL2.a */; };
		BAC4DD6626DD8BEF00B212BB /* libSDLmain.a in Frameworks */ = {isa = PBXBuildFile; fileRef = BAC4DD4126DD8BC800B212BB /* libSDLmain.a */; };
/* End PBXBuildFile section */

/* Begin PBXContainerItemProxy section */
		BAC4DD4026DD8BC800B212BB /* PBXContainerItemProxy */ = {
			isa = PBXContainerItemProxy;
			containerPortal = BAC4DD2426DD8BC800B212BB /* SDL.xcodeproj */;
			proxyType = 2;
			remoteGlobalIDString = F3CB94BA26B5E0A400B9C980;
			remoteInfo = "SDLmain-iOS";
		};
		BAC4DD4226DD8BC800B212BB /* PBXContainerItemProxy */ = {
			isa = PBXContainerItemProxy;
			containerPortal = BAC4DD2426DD8BC800B212BB /* SDL.xcodeproj */;
			proxyType = 2;
			remoteGlobalIDString = F3CB963826B5E0A600B9C980;
			remoteInfo = "SDLmain-tvOS";
		};
		BAC4DD4426DD8BC800B212BB /* PBXContainerItemProxy */ = {
			isa = PBXContainerItemProxy;
			containerPortal = BAC4DD2426DD8BC800B212BB /* SDL.xcodeproj */;
			proxyType = 2;
			remoteGlobalIDString = BECDF66C0761BA81005FE872;
			remoteInfo = Framework;
		};
		BAC4DD4626DD8BC800B212BB /* PBXContainerItemProxy */ = {
			isa = PBXContainerItemProxy;
			containerPortal = BAC4DD2426DD8BC800B212BB /* SDL.xcodeproj */;
			proxyType = 2;
			remoteGlobalIDString = A7D88B5423E2437C00DCD162;
			remoteInfo = "Framework-iOS";
		};
		BAC4DD4826DD8BC800B212BB /* PBXContainerItemProxy */ = {
			isa = PBXContainerItemProxy;
			containerPortal = BAC4DD2426DD8BC800B212BB /* SDL.xcodeproj */;
			proxyType = 2;
			remoteGlobalIDString = A7D88D1523E24BED00DCD162;
			remoteInfo = "Framework-tvOS";
		};
		BAC4DD4A26DD8BC800B212BB /* PBXContainerItemProxy */ = {
			isa = PBXContainerItemProxy;
			containerPortal = BAC4DD2426DD8BC800B212BB /* SDL.xcodeproj */;
			proxyType = 2;
			remoteGlobalIDString = BECDF6B30761BA81005FE872;
			remoteInfo = "Static Library";
		};
		BAC4DD4C26DD8BC800B212BB /* PBXContainerItemProxy */ = {
			isa = PBXContainerItemProxy;
			containerPortal = BAC4DD2426DD8BC800B212BB /* SDL.xcodeproj */;
			proxyType = 2;
			remoteGlobalIDString = A7D88E5423E24D3B00DCD162;
			remoteInfo = "Static Library-iOS";
		};
		BAC4DD4E26DD8BC800B212BB /* PBXContainerItemProxy */ = {
			isa = PBXContainerItemProxy;
			containerPortal = BAC4DD2426DD8BC800B212BB /* SDL.xcodeproj */;
			proxyType = 2;
			remoteGlobalIDString = A769B23D23E259AE00872273;
			remoteInfo = "Static Library-tvOS";
		};
		BAC4DD5026DD8BC800B212BB /* PBXContainerItemProxy */ = {
			isa = PBXContainerItemProxy;
			containerPortal = BAC4DD2426DD8BC800B212BB /* SDL.xcodeproj */;
			proxyType = 2;
			remoteGlobalIDString = DB31407717554B71006C0E22;
			remoteInfo = "Shared Library";
		};
		BAC4DD5226DD8BC800B212BB /* PBXContainerItemProxy */ = {
			isa = PBXContainerItemProxy;
			containerPortal = BAC4DD2426DD8BC800B212BB /* SDL.xcodeproj */;
			proxyType = 2;
			remoteGlobalIDString = A75FCEB323E25AB700529352;
			remoteInfo = "Shared Library-iOS";
		};
		BAC4DD5426DD8BC800B212BB /* PBXContainerItemProxy */ = {
			isa = PBXContainerItemProxy;
			containerPortal = BAC4DD2426DD8BC800B212BB /* SDL.xcodeproj */;
			proxyType = 2;
			remoteGlobalIDString = A75FD06C23E25AC700529352;
			remoteInfo = "Shared Library-tvOS";
		};
		BAC4DD5626DD8BC800B212BB /* PBXContainerItemProxy */ = {
			isa = PBXContainerItemProxy;
			containerPortal = BAC4DD2426DD8BC800B212BB /* SDL.xcodeproj */;
			proxyType = 2;
			remoteGlobalIDString = BECDF6BE0761BA81005FE872;
			remoteInfo = "Standard DMG";
		};
		BAC4DD5826DD8BC800B212BB /* PBXContainerItemProxy */ = {
			isa = PBXContainerItemProxy;
			containerPortal = BAC4DD2426DD8BC800B212BB /* SDL.xcodeproj */;
			proxyType = 2;
			remoteGlobalIDString = A75FDB8C23E4C74400529352;
			remoteInfo = hidapi;
		};
		BAC4DD5A26DD8BC800B212BB /* PBXContainerItemProxy */ = {
			isa = PBXContainerItemProxy;
			containerPortal = BAC4DD2426DD8BC800B212BB /* SDL.xcodeproj */;
			proxyType = 2;
			remoteGlobalIDString = A75FDB4923E399AC00529352;
			remoteInfo = "hidapi-iOS";
		};
		BAC4DD5C26DD8BC800B212BB /* PBXContainerItemProxy */ = {
			isa = PBXContainerItemProxy;
			containerPortal = BAC4DD2426DD8BC800B212BB /* SDL.xcodeproj */;
			proxyType = 2;
			remoteGlobalIDString = A75FDB6E23E3A2C900529352;
			remoteInfo = "hidapi-tvOS";
		};
/* End PBXContainerItemProxy section */

/* Begin PBXCopyFilesBuildPhase section */
		BA5BDBF626C6046500514EDA /* CopyFiles */ = {
			isa = PBXCopyFilesBuildPhase;
			buildActionMask = 12;
			dstPath = Assets;
			dstSubfolderSpec = 7;
			files = (
				BA5BDBFC26C60BBE00514EDA /* test.txt in CopyFiles */,
			);
			runOnlyForDeploymentPostprocessing = 0;
		};
/* End PBXCopyFilesBuildPhase section */

/* Begin PBXFileReference section */
		BA4AD0E226B284440060B459 /* SDL2Stuff.app */ = {isa = PBXFileReference; explicitFileType = wrapper.application; includeInIndex = 0; path = SDL2Stuff.app; sourceTree = BUILT_PRODUCTS_DIR; };
		BA4AD10526B285120060B459 /* UIKit.framework */ = {isa = PBXFileReference; lastKnownFileType = wrapper.framework; name = UIKit.framework; path = System/Library/Frameworks/UIKit.framework; sourceTree = SDKROOT; };
		BA4AD10726B285160060B459 /* Foundation.framework */ = {isa = PBXFileReference; lastKnownFileType = wrapper.framework; name = Foundation.framework; path = System/Library/Frameworks/Foundation.framework; sourceTree = SDKROOT; };
		BA4AD10926B2851D0060B459 /* AudioToolbox.framework */ = {isa = PBXFileReference; lastKnownFileType = wrapper.framework; name = AudioToolbox.framework; path = System/Library/Frameworks/AudioToolbox.framework; sourceTree = SDKROOT; };
		BA4AD10B26B285200060B459 /* AVFAudio.framework */ = {isa = PBXFileReference; lastKnownFileType = wrapper.framework; name = AVFAudio.framework; path = System/Library/Frameworks/AVFAudio.framework; sourceTree = SDKROOT; };
		BA4AD10D26B285250060B459 /* OpenGLES.framework */ = {isa = PBXFileReference; lastKnownFileType = wrapper.framework; name = OpenGLES.framework; path = System/Library/Frameworks/OpenGLES.framework; sourceTree = SDKROOT; };
		BA4AD10F26B285350060B459 /* QuartzCore.framework */ = {isa = PBXFileReference; lastKnownFileType = wrapper.framework; name = QuartzCore.framework; path = System/Library/Frameworks/QuartzCore.framework; sourceTree = SDKROOT; };
		BA4AD11126B285460060B459 /* GameController.framework */ = {isa = PBXFileReference; lastKnownFileType = wrapper.framework; name = GameController.framework; path = System/Library/Frameworks/GameController.framework; sourceTree = SDKROOT; };
		BA4AD11326B2854E0060B459 /* CoreHaptics.framework */ = {isa = PBXFileReference; lastKnownFileType = wrapper.framework; name = CoreHaptics.framework; path = System/Library/Frameworks/CoreHaptics.framework; sourceTree = SDKROOT; };
		BA4AD11526B285550060B459 /* CoreMotion.framework */ = {isa = PBXFileReference; lastKnownFileType = wrapper.framework; name = CoreMotion.framework; path = System/Library/Frameworks/CoreMotion.framework; sourceTree = SDKROOT; };
		BA4AD11726B285650060B459 /* CoreGraphics.framework */ = {isa = PBXFileReference; lastKnownFileType = wrapper.framework; name = CoreGraphics.framework; path = System/Library/Frameworks/CoreGraphics.framework; sourceTree = SDKROOT; };
		BA4F292726B28BE5003065CF /* Metal.framework */ = {isa = PBXFileReference; lastKnownFileType = wrapper.framework; name = Metal.framework; path = System/Library/Frameworks/Metal.framework; sourceTree = SDKROOT; };
		BA4F294926B28FAC003065CF /* main.cpp */ = {isa = PBXFileReference; fileEncoding = 4; lastKnownFileType = sourcecode.cpp.cpp; path = main.cpp; sourceTree = "<group>"; };
		BA5BDBF426C6041200514EDA /* libphysfs.a */ = {isa = PBXFileReference; lastKnownFileType = archive.ar; name = libphysfs.a; path = deps/iOS/lib/libphysfs.a; sourceTree = "<group>"; };
		BA5BDBFB26C60BBE00514EDA /* test.txt */ = {isa = PBXFileReference; lastKnownFileType = text; name = test.txt; path = Assets/test.txt; sourceTree = "<group>"; };
		BA7D239426B2B78200F9AF77 /* Assets.xcassets */ = {isa = PBXFileReference; lastKnownFileType = folder.assetcatalog; name = Assets.xcassets; path = deps/iOS/Assets.xcassets; sourceTree = SOURCE_ROOT; };
		BA95275F26DD9B61008B5C1A /* platform_include.h */ = {isa = PBXFileReference; fileEncoding = 4; lastKnownFileType = sourcecode.c.h; path = platform_include.h; sourceTree = "<group>"; };
		BAC4DD2426DD8BC800B212BB /* SDL.xcodeproj */ = {isa = PBXFileReference; lastKnownFileType = "wrapper.pb-project"; path = SDL.xcodeproj; sourceTree = "<group>"; };
		BAC4DD2926DD8BC800B212BB /* ReadMe.txt */ = {isa = PBXFileReference; fileEncoding = 4; lastKnownFileType = text; path = ReadMe.txt; sourceTree = "<group>"; };
		BAC4DD2A26DD8BC800B212BB /* SDL_DS_Store */ = {isa = PBXFileReference; lastKnownFileType = file; path = SDL_DS_Store; sourceTree = "<group>"; };
		BAC4DD2B26DD8BC800B212BB /* License.txt */ = {isa = PBXFileReference; fileEncoding = 4; lastKnownFileType = text; path = License.txt; sourceTree = "<group>"; };
		BAC4DD2C26DD8BC800B212BB /* SDL.info */ = {isa = PBXFileReference; fileEncoding = 4; lastKnownFileType = text; path = SDL.info; sourceTree = "<group>"; };
		BAC4DD2D26DD8BC800B212BB /* sdl_logo.pdf */ = {isa = PBXFileReference; lastKnownFileType = image.pdf; path = sdl_logo.pdf; sourceTree = "<group>"; };
		BAC4DD2F26DD8BC800B212BB /* Info.plist */ = {isa = PBXFileReference; fileEncoding = 4; lastKnownFileType = text.plist.xml; path = Info.plist; sourceTree = "<group>"; };
		BAC4DD3026DD8BC800B212BB /* Info-Framework.plist */ = {isa = PBXFileReference; fileEncoding = 4; lastKnownFileType = text.plist.xml; path = "Info-Framework.plist"; sourceTree = "<group>"; };
/* End PBXFileReference section */

/* Begin PBXFrameworksBuildPhase section */
		BA4AD0DF26B284440060B459 /* Frameworks */ = {
			isa = PBXFrameworksBuildPhase;
			buildActionMask = 2147483647;
			files = (
				BA95276326DD9CB1008B5C1A /* OpenGLES.framework in Frameworks */,
				BAC4DD6626DD8BEF00B212BB /* libSDLmain.a in Frameworks */,
				BAC4DD6526DD8BE400B212BB /* libSDL2.a in Frameworks */,
				BA5BDBF526C6041200514EDA /* libphysfs.a in Frameworks */,
				BA4F292826B28BE5003065CF /* Metal.framework in Frameworks */,
				BA4AD11826B285650060B459 /* CoreGraphics.framework in Frameworks */,
				BA4AD11626B285550060B459 /* CoreMotion.framework in Frameworks */,
				BA4AD11426B2854E0060B459 /* CoreHaptics.framework in Frameworks */,
				BA4AD11226B285460060B459 /* GameController.framework in Frameworks */,
				BA4AD11026B285350060B459 /* QuartzCore.framework in Frameworks */,
				BA4AD10C26B285200060B459 /* AVFAudio.framework in Frameworks */,
				BA4AD10A26B2851D0060B459 /* AudioToolbox.framework in Frameworks */,
				BA4AD10826B285160060B459 /* Foundation.framework in Frameworks */,
				BA4AD10626B285120060B459 /* UIKit.framework in Frameworks */,
			);
			runOnlyForDeploymentPostprocessing = 0;
		};
/* End PBXFrameworksBuildPhase section */

/* Begin PBXGroup section */
		BA4AD0D926B284440060B459 = {
			isa = PBXGroup;
			children = (
				BA5BDBFB26C60BBE00514EDA /* test.txt */,
				BA4F294726B28FAC003065CF /* src */,
				BA4AD0E326B284440060B459 /* Products */,
				BA4AD10026B2849C0060B459 /* Frameworks */,
			);
			sourceTree = "<group>";
		};
		BA4AD0E326B284440060B459 /* Products */ = {
			isa = PBXGroup;
			children = (
				BA4AD0E226B284440060B459 /* SDL2Stuff.app */,
			);
			name = Products;
			sourceTree = "<group>";
		};
		BA4AD10026B2849C0060B459 /* Frameworks */ = {
			isa = PBXGroup;
			children = (
				BAC4DD2326DD8BC800B212BB /* SDL */,
				BA5BDBF426C6041200514EDA /* libphysfs.a */,
				BA4F292726B28BE5003065CF /* Metal.framework */,
				BA4AD11726B285650060B459 /* CoreGraphics.framework */,
				BA4AD11526B285550060B459 /* CoreMotion.framework */,
				BA4AD11326B2854E0060B459 /* CoreHaptics.framework */,
				BA4AD11126B285460060B459 /* GameController.framework */,
				BA4AD10F26B285350060B459 /* QuartzCore.framework */,
				BA4AD10D26B285250060B459 /* OpenGLES.framework */,
				BA4AD10B26B285200060B459 /* AVFAudio.framework */,
				BA4AD10926B2851D0060B459 /* AudioToolbox.framework */,
				BA4AD10726B285160060B459 /* Foundation.framework */,
				BA4AD10526B285120060B459 /* UIKit.framework */,
			);
			name = Frameworks;
			sourceTree = "<group>";
		};
		BA4F294726B28FAC003065CF /* src */ = {
			isa = PBXGroup;
			children = (
				BA95275F26DD9B61008B5C1A /* platform_include.h */,
				BA7D239426B2B78200F9AF77 /* Assets.xcassets */,
				BA4F294926B28FAC003065CF /* main.cpp */,
			);
			path = src;
			sourceTree = "<group>";
		};
		BAC4DD2326DD8BC800B212BB /* SDL */ = {
			isa = PBXGroup;
			children = (
				BAC4DD2426DD8BC800B212BB /* SDL.xcodeproj */,
				BAC4DD2726DD8BC800B212BB /* pkg-support */,
				BAC4DD2E26DD8BC800B212BB /* hidapi */,
				BAC4DD3026DD8BC800B212BB /* Info-Framework.plist */,
			);
			name = SDL;
			path = "../Downloads/SDL-release-2.0.16/Xcode/SDL";
			sourceTree = "<group>";
		};
		BAC4DD2526DD8BC800B212BB /* Products */ = {
			isa = PBXGroup;
			children = (
				BAC4DD4126DD8BC800B212BB /* libSDLmain.a */,
				BAC4DD4326DD8BC800B212BB /* libSDLmain.a */,
				BAC4DD4526DD8BC800B212BB /* SDL2.framework */,
				BAC4DD4726DD8BC800B212BB /* SDL2.framework */,
				BAC4DD4926DD8BC800B212BB /* SDL2.framework */,
				BAC4DD4B26DD8BC800B212BB /* libSDL2.a */,
				BAC4DD4D26DD8BC800B212BB /* libSDL2.a */,
				BAC4DD4F26DD8BC800B212BB /* libSDL2.a */,
				BAC4DD5126DD8BC800B212BB /* libSDL2.dylib */,
				BAC4DD5326DD8BC800B212BB /* libSDL2.dylib */,
				BAC4DD5526DD8BC800B212BB /* libSDL2.dylib */,
				BAC4DD5726DD8BC800B212BB /* SDL2 */,
				BAC4DD5926DD8BC800B212BB /* hidapi.framework */,
				BAC4DD5B26DD8BC800B212BB /* hidapi.framework */,
				BAC4DD5D26DD8BC800B212BB /* hidapi.framework */,
			);
			name = Products;
			sourceTree = "<group>";
		};
		BAC4DD2726DD8BC800B212BB /* pkg-support */ = {
			isa = PBXGroup;
			children = (
				BAC4DD2826DD8BC800B212BB /* resources */,
				BAC4DD2C26DD8BC800B212BB /* SDL.info */,
				BAC4DD2D26DD8BC800B212BB /* sdl_logo.pdf */,
			);
			path = "pkg-support";
			sourceTree = "<group>";
		};
		BAC4DD2826DD8BC800B212BB /* resources */ = {
			isa = PBXGroup;
			children = (
				BAC4DD2926DD8BC800B212BB /* ReadMe.txt */,
				BAC4DD2A26DD8BC800B212BB /* SDL_DS_Store */,
				BAC4DD2B26DD8BC800B212BB /* License.txt */,
			);
			path = resources;
			sourceTree = "<group>";
		};
		BAC4DD2E26DD8BC800B212BB /* hidapi */ = {
			isa = PBXGroup;
			children = (
				BAC4DD2F26DD8BC800B212BB /* Info.plist */,
			);
			path = hidapi;
			sourceTree = "<group>";
		};
/* End PBXGroup section */

/* Begin PBXNativeTarget section */
		BA4AD0E126B284440060B459 /* SDL2Stuff */ = {
			isa = PBXNativeTarget;
			buildConfigurationList = BA4AD0FB26B284450060B459 /* Build configuration list for PBXNativeTarget "SDL2Stuff" */;
			buildPhases = (
				BA4AD0DE26B284440060B459 /* Sources */,
				BA4AD0DF26B284440060B459 /* Frameworks */,
				BA4AD0E026B284440060B459 /* Resources */,
				BA5BDBF626C6046500514EDA /* CopyFiles */,
			);
			buildRules = (
			);
			dependencies = (
			);
			name = SDL2Stuff;
			productName = TestC;
			productReference = BA4AD0E226B284440060B459 /* SDL2Stuff.app */;
			productType = "com.apple.product-type.application";
		};
/* End PBXNativeTarget section */

/* Begin PBXProject section */
		BA4AD0DA26B284440060B459 /* Project object */ = {
			isa = PBXProject;
			attributes = {
				LastUpgradeCheck = 1250;
				TargetAttributes = {
					BA4AD0E126B284440060B459 = {
						CreatedOnToolsVersion = 12.5.1;
					};
				};
			};
			buildConfigurationList = BA4AD0DD26B284440060B459 /* Build configuration list for PBXProject "SDL2Stuff" */;
			compatibilityVersion = "Xcode 9.3";
			developmentRegion = en;
			hasScannedForEncodings = 0;
			knownRegions = (
				en,
				Base,
			);
			mainGroup = BA4AD0D926B284440060B459;
			productRefGroup = BA4AD0E326B284440060B459 /* Products */;
			projectDirPath = "";
			projectReferences = (
				{
					ProductGroup = BAC4DD2526DD8BC800B212BB /* Products */;
					ProjectRef = BAC4DD2426DD8BC800B212BB /* SDL.xcodeproj */;
				},
			);
			projectRoot = "";
			targets = (
				BA4AD0E126B284440060B459 /* SDL2Stuff */,
			);
		};
/* End PBXProject section */

/* Begin PBXReferenceProxy section */
		BAC4DD4126DD8BC800B212BB /* libSDLmain.a */ = {
			isa = PBXReferenceProxy;
			fileType = archive.ar;
			path = libSDLmain.a;
			remoteRef = BAC4DD4026DD8BC800B212BB /* PBXContainerItemProxy */;
			sourceTree = BUILT_PRODUCTS_DIR;
		};
		BAC4DD4326DD8BC800B212BB /* libSDLmain.a */ = {
			isa = PBXReferenceProxy;
			fileType = archive.ar;
			path = libSDLmain.a;
			remoteRef = BAC4DD4226DD8BC800B212BB /* PBXContainerItemProxy */;
			sourceTree = BUILT_PRODUCTS_DIR;
		};
		BAC4DD4526DD8BC800B212BB /* SDL2.framework */ = {
			isa = PBXReferenceProxy;
			fileType = wrapper.framework;
			path = SDL2.framework;
			remoteRef = BAC4DD4426DD8BC800B212BB /* PBXContainerItemProxy */;
			sourceTree = BUILT_PRODUCTS_DIR;
		};
		BAC4DD4726DD8BC800B212BB /* SDL2.framework */ = {
			isa = PBXReferenceProxy;
			fileType = wrapper.framework;
			path = SDL2.framework;
			remoteRef = BAC4DD4626DD8BC800B212BB /* PBXContainerItemProxy */;
			sourceTree = BUILT_PRODUCTS_DIR;
		};
		BAC4DD4926DD8BC800B212BB /* SDL2.framework */ = {
			isa = PBXReferenceProxy;
			fileType = wrapper.framework;
			path = SDL2.framework;
			remoteRef = BAC4DD4826DD8BC800B212BB /* PBXContainerItemProxy */;
			sourceTree = BUILT_PRODUCTS_DIR;
		};
		BAC4DD4B26DD8BC800B212BB /* libSDL2.a */ = {
			isa = PBXReferenceProxy;
			fileType = archive.ar;
			path = libSDL2.a;
			remoteRef = BAC4DD4A26DD8BC800B212BB /* PBXContainerItemProxy */;
			sourceTree = BUILT_PRODUCTS_DIR;
		};
		BAC4DD4D26DD8BC800B212BB /* libSDL2.a */ = {
			isa = PBXReferenceProxy;
			fileType = archive.ar;
			path = libSDL2.a;
			remoteRef = BAC4DD4C26DD8BC800B212BB /* PBXContainerItemProxy */;
			sourceTree = BUILT_PRODUCTS_DIR;
		};
		BAC4DD4F26DD8BC800B212BB /* libSDL2.a */ = {
			isa = PBXReferenceProxy;
			fileType = archive.ar;
			path = libSDL2.a;
			remoteRef = BAC4DD4E26DD8BC800B212BB /* PBXContainerItemProxy */;
			sourceTree = BUILT_PRODUCTS_DIR;
		};
		BAC4DD5126DD8BC800B212BB /* libSDL2.dylib */ = {
			isa = PBXReferenceProxy;
			fileType = "compiled.mach-o.dylib";
			path = libSDL2.dylib;
			remoteRef = BAC4DD5026DD8BC800B212BB /* PBXContainerItemProxy */;
			sourceTree = BUILT_PRODUCTS_DIR;
		};
		BAC4DD5326DD8BC800B212BB /* libSDL2.dylib */ = {
			isa = PBXReferenceProxy;
			fileType = "compiled.mach-o.dylib";
			path = libSDL2.dylib;
			remoteRef = BAC4DD5226DD8BC800B212BB /* PBXContainerItemProxy */;
			sourceTree = BUILT_PRODUCTS_DIR;
		};
		BAC4DD5526DD8BC800B212BB /* libSDL2.dylib */ = {
			isa = PBXReferenceProxy;
			fileType = "compiled.mach-o.dylib";
			path = libSDL2.dylib;
			remoteRef = BAC4DD5426DD8BC800B212BB /* PBXContainerItemProxy */;
			sourceTree = BUILT_PRODUCTS_DIR;
		};
		BAC4DD5726DD8BC800B212BB /* SDL2 */ = {
			isa = PBXReferenceProxy;
			fileType = "compiled.mach-o.executable";
			path = SDL2;
			remoteRef = BAC4DD5626DD8BC800B212BB /* PBXContainerItemProxy */;
			sourceTree = BUILT_PRODUCTS_DIR;
		};
		BAC4DD5926DD8BC800B212BB /* hidapi.framework */ = {
			isa = PBXReferenceProxy;
			fileType = wrapper.framework;
			path = hidapi.framework;
			remoteRef = BAC4DD5826DD8BC800B212BB /* PBXContainerItemProxy */;
			sourceTree = BUILT_PRODUCTS_DIR;
		};
		BAC4DD5B26DD8BC800B212BB /* hidapi.framework */ = {
			isa = PBXReferenceProxy;
			fileType = wrapper.framework;
			path = hidapi.framework;
			remoteRef = BAC4DD5A26DD8BC800B212BB /* PBXContainerItemProxy */;
			sourceTree = BUILT_PRODUCTS_DIR;
		};
		BAC4DD5D26DD8BC800B212BB /* hidapi.framework */ = {
			isa = PBXReferenceProxy;
			fileType = wrapper.framework;
			path = hidapi.framework;
			remoteRef = BAC4DD5C26DD8BC800B212BB /* PBXContainerItemProxy */;
			sourceTree = BUILT_PRODUCTS_DIR;
		};
/* End PBXReferenceProxy section */

/* Begin PBXResourcesBuildPhase section */
		BA4AD0E026B284440060B459 /* Resources */ = {
			isa = PBXResourcesBuildPhase;
			buildActionMask = 2147483647;
			files = (
				BA5BDC0D26C60CB700514EDA /* Assets.xcassets in Resources */,
			);
			runOnlyForDeploymentPostprocessing = 0;
		};
/* End PBXResourcesBuildPhase section */

/* Begin PBXSourcesBuildPhase section */
		BA4AD0DE26B284440060B459 /* Sources */ = {
			isa = PBXSourcesBuildPhase;
			buildActionMask = 2147483647;
			files = (
				BA4F294C26B28FAC003065CF /* main.cpp in Sources */,
			);
			runOnlyForDeploymentPostprocessing = 0;
		};
/* End PBXSourcesBuildPhase section */

/* Begin XCBuildConfiguration section */
		BA4AD0F926B284450060B459 /* Debug */ = {
			isa = XCBuildConfiguration;
			buildSettings = {
				ALWAYS_SEARCH_USER_PATHS = NO;
				CLANG_ANALYZER_NONNULL = YES;
				CLANG_ANALYZER_NUMBER_OBJECT_CONVERSION = YES_AGGRESSIVE;
				CLANG_CXX_LANGUAGE_STANDARD = "gnu++14";
				CLANG_CXX_LIBRARY = "libc++";
				CLANG_ENABLE_MODULES = YES;
				CLANG_ENABLE_OBJC_ARC = YES;
				CLANG_ENABLE_OBJC_WEAK = YES;
				CLANG_WARN_BLOCK_CAPTURE_AUTORELEASING = YES;
				CLANG_WARN_BOOL_CONVERSION = YES;
				CLANG_WARN_COMMA = YES;
				CLANG_WARN_CONSTANT_CONVERSION = YES;
				CLANG_WARN_DEPRECATED_OBJC_IMPLEMENTATIONS = YES;
				CLANG_WARN_DIRECT_OBJC_ISA_USAGE = YES_ERROR;
				CLANG_WARN_DOCUMENTATION_COMMENTS = YES;
				CLANG_WARN_EMPTY_BODY = YES;
				CLANG_WARN_ENUM_CONVERSION = YES;
				CLANG_WARN_INFINITE_RECURSION = YES;
				CLANG_WARN_INT_CONVERSION = YES;
				CLANG_WARN_NON_LITERAL_NULL_CONVERSION = YES;
				CLANG_WARN_OBJC_IMPLICIT_RETAIN_SELF = YES;
				CLANG_WARN_OBJC_LITERAL_CONVERSION = YES;
				CLANG_WARN_OBJC_ROOT_CLASS = YES_ERROR;
				CLANG_WARN_QUOTED_INCLUDE_IN_FRAMEWORK_HEADER = YES;
				CLANG_WARN_RANGE_LOOP_ANALYSIS = YES;
				CLANG_WARN_STRICT_PROTOTYPES = YES;
				CLANG_WARN_SUSPICIOUS_MOVE = YES;
				CLANG_WARN_UNGUARDED_AVAILABILITY = YES_AGGRESSIVE;
				CLANG_WARN_UNREACHABLE_CODE = YES;
				CLANG_WARN__DUPLICATE_METHOD_MATCH = YES;
				COPY_PHASE_STRIP = NO;
				DEBUG_INFORMATION_FORMAT = dwarf;
				ENABLE_STRICT_OBJC_MSGSEND = YES;
				ENABLE_TESTABILITY = YES;
				GCC_C_LANGUAGE_STANDARD = gnu11;
				GCC_DYNAMIC_NO_PIC = NO;
				GCC_NO_COMMON_BLOCKS = YES;
				GCC_OPTIMIZATION_LEVEL = 0;
				GCC_PREPROCESSOR_DEFINITIONS = (
					"DEBUG=1",
					"$(inherited)",
				);
				GCC_WARN_64_TO_32_BIT_CONVERSION = YES;
				GCC_WARN_ABOUT_RETURN_TYPE = YES_ERROR;
				GCC_WARN_UNDECLARED_SELECTOR = YES;
				GCC_WARN_UNINITIALIZED_AUTOS = YES_AGGRESSIVE;
				GCC_WARN_UNUSED_FUNCTION = YES;
				GCC_WARN_UNUSED_VARIABLE = YES;
				IPHONEOS_DEPLOYMENT_TARGET = 14.5;
				MTL_ENABLE_DEBUG_INFO = INCLUDE_SOURCE;
				MTL_FAST_MATH = YES;
				ONLY_ACTIVE_ARCH = YES;
				SDKROOT = iphoneos;
			};
			name = Debug;
		};
		BA4AD0FA26B284450060B459 /* Release */ = {
			isa = XCBuildConfiguration;
			buildSettings = {
				ALWAYS_SEARCH_USER_PATHS = NO;
				CLANG_ANALYZER_NONNULL = YES;
				CLANG_ANALYZER_NUMBER_OBJECT_CONVERSION = YES_AGGRESSIVE;
				CLANG_CXX_LANGUAGE_STANDARD = "gnu++14";
				CLANG_CXX_LIBRARY = "libc++";
				CLANG_ENABLE_MODULES = YES;
				CLANG_ENABLE_OBJC_ARC = YES;
				CLANG_ENABLE_OBJC_WEAK = YES;
				CLANG_WARN_BLOCK_CAPTURE_AUTORELEASING = YES;
				CLANG_WARN_BOOL_CONVERSION = YES;
				CLANG_WARN_COMMA = YES;
				CLANG_WARN_CONSTANT_CONVERSION = YES;
				CLANG_WARN_DEPRECATED_OBJC_IMPLEMENTATIONS = YES;
				CLANG_WARN_DIRECT_OBJC_ISA_USAGE = YES_ERROR;
				CLANG_WARN_DOCUMENTATION_COMMENTS = YES;
				CLANG_WARN_EMPTY_BODY = YES;
				CLANG_WARN_ENUM_CONVERSION = YES;
				CLANG_WARN_INFINITE_RECURSION = YES;
				CLANG_WARN_INT_CONVERSION = YES;
				CLANG_WARN_NON_LITERAL_NULL_CONVERSION = YES;
				CLANG_WARN_OBJC_IMPLICIT_RETAIN_SELF = YES;
				CLANG_WARN_OBJC_LITERAL_CONVERSION = YES;
				CLANG_WARN_OBJC_ROOT_CLASS = YES_ERROR;
				CLANG_WARN_QUOTED_INCLUDE_IN_FRAMEWORK_HEADER = YES;
				CLANG_WARN_RANGE_LOOP_ANALYSIS = YES;
				CLANG_WARN_STRICT_PROTOTYPES = YES;
				CLANG_WARN_SUSPICIOUS_MOVE = YES;
				CLANG_WARN_UNGUARDED_AVAILABILITY = YES_AGGRESSIVE;
				CLANG_WARN_UNREACHABLE_CODE = YES;
				CLANG_WARN__DUPLICATE_METHOD_MATCH = YES;
				COPY_PHASE_STRIP = NO;
				DEBUG_INFORMATION_FORMAT = "dwarf-with-dsym";
				ENABLE_NS_ASSERTIONS = NO;
				ENABLE_STRICT_OBJC_MSGSEND = YES;
				GCC_C_LANGUAGE_STANDARD = gnu11;
				GCC_NO_COMMON_BLOCKS = YES;
				GCC_WARN_64_TO_32_BIT_CONVERSION = YES;
				GCC_WARN_ABOUT_RETURN_TYPE = YES_ERROR;
				GCC_WARN_UNDECLARED_SELECTOR = YES;
				GCC_WARN_UNINITIALIZED_AUTOS = YES_AGGRESSIVE;
				GCC_WARN_UNUSED_FUNCTION = YES;
				GCC_WARN_UNUSED_VARIABLE = YES;
				IPHONEOS_DEPLOYMENT_TARGET = 14.5;
				MTL_ENABLE_DEBUG_INFO = NO;
				MTL_FAST_MATH = YES;
				SDKROOT = iphoneos;
				VALIDATE_PRODUCT = YES;
			};
			name = Release;
		};
		BA4AD0FC26B284450060B459 /* Debug */ = {
			isa = XCBuildConfiguration;
			buildSettings = {
				ASSETCATALOG_COMPILER_APPICON_NAME = AppIcon;
				ASSETCATALOG_COMPILER_GLOBAL_ACCENT_COLOR_NAME = AccentColor;
				ASSETCATALOG_COMPILER_INCLUDE_ALL_APPICON_ASSETS = YES;
				CLANG_CXX_LANGUAGE_STANDARD = "compiler-default";
				CLANG_CXX_LIBRARY = "compiler-default";
				CODE_SIGN_STYLE = Automatic;
				DEVELOPMENT_TEAM = PS823CSMA6;
				ENABLE_BITCODE = NO;
				GCC_C_LANGUAGE_STANDARD = "compiler-default";
				HEADER_SEARCH_PATHS = (
					"$(PROJECT_DIR)/deps/iOS/include",
					"$(PROJECT_DIR)/deps/include",
				);
				INFOPLIST_FILE = deps/iOS/Info.plist;
				IPHONEOS_DEPLOYMENT_TARGET = 13.0;
				LD_RUNPATH_SEARCH_PATHS = (
					"$(inherited)",
					"@executable_path/Frameworks",
				);
				LIBRARY_SEARCH_PATHS = (
					"$(inherited)",
					"$(PROJECT_DIR)/deps/iOS/lib",
				);
				PRODUCT_BUNDLE_IDENTIFIER = com.Lynn.SDLTest.SDL2Stuff;
				PRODUCT_NAME = "$(TARGET_NAME)";
				TARGETED_DEVICE_FAMILY = "1,2";
			};
			name = Debug;
		};
		BA4AD0FD26B284450060B459 /* Release */ = {
			isa = XCBuildConfiguration;
			buildSettings = {
				ASSETCATALOG_COMPILER_APPICON_NAME = AppIcon;
				ASSETCATALOG_COMPILER_GLOBAL_ACCENT_COLOR_NAME = AccentColor;
				ASSETCATALOG_COMPILER_INCLUDE_ALL_APPICON_ASSETS = YES;
				CLANG_CXX_LANGUAGE_STANDARD = "compiler-default";
				CLANG_CXX_LIBRARY = "compiler-default";
				CODE_SIGN_STYLE = Automatic;
				DEVELOPMENT_TEAM = PS823CSMA6;
				ENABLE_BITCODE = NO;
				GCC_C_LANGUAGE_STANDARD = "compiler-default";
				HEADER_SEARCH_PATHS = (
					"$(PROJECT_DIR)/deps/iOS/include",
					"$(PROJECT_DIR)/deps/include",
				);
				INFOPLIST_FILE = deps/iOS/Info.plist;
				IPHONEOS_DEPLOYMENT_TARGET = 13.0;
				LD_RUNPATH_SEARCH_PATHS = (
					"$(inherited)",
					"@executable_path/Frameworks",
				);
				LIBRARY_SEARCH_PATHS = (
					"$(inherited)",
					"$(PROJECT_DIR)/deps/iOS/lib",
				);
				PRODUCT_BUNDLE_IDENTIFIER = com.Lynn.SDLTest.SDL2Stuff;
				PRODUCT_NAME = "$(TARGET_NAME)";
				TARGETED_DEVICE_FAMILY = "1,2";
			};
			name = Release;
		};
/* End XCBuildConfiguration section */

/* Begin XCConfigurationList section */
		BA4AD0DD26B284440060B459 /* Build configuration list for PBXProject "SDL2Stuff" */ = {
			isa = XCConfigurationList;
			buildConfigurations = (
				BA4AD0F926B284450060B459 /* Debug */,
				BA4AD0FA26B284450060B459 /* Release */,
			);
			defaultConfigurationIsVisible = 0;
			defaultConfigurationName = Release;
		};
		BA4AD0FB26B284450060B459 /* Build configuration list for PBXNativeTarget "SDL2Stuff" */ = {
			isa = XCConfigurationList;
			buildConfigurations = (
				BA4AD0FC26B284450060B459 /* Debug */,
				BA4AD0FD26B284450060B459 /* Release */,
			);
			defaultConfigurationIsVisible = 0;
			defaultConfigurationName = Release;
		};
/* End XCConfigurationList section */
	};
	rootObject = BA4AD0DA26B284440060B459 /* Project object */;
}
